{
  "nodes": {
    "compat": {
      "flake": false,
      "locked": {
        "lastModified": 1696426674,
        "narHash": "sha256-kvjfFW7WAETZlt09AgDn1MrtKzP7t90Vf7vypd3OL1U=",
        "owner": "edolstra",
        "repo": "flake-compat",
        "rev": "0f9255e01c2351cc7d116c072cb317785dd33b33",
        "type": "github"
      },
      "original": {
        "owner": "edolstra",
        "repo": "flake-compat",
        "type": "github"
      }
    },
    "crane": {
      "inputs": {
        "nixpkgs": [
          "nixpkgs"
        ]
      },
      "locked": {
        "lastModified": 1719249093,
        "narHash": "sha256-0q1haa3sw6GbmJ+WhogMnducZGjEaCa/iR6hF2vq80I=",
        "owner": "ipetkov",
        "repo": "crane",
        "rev": "9791c77eb7e98b8d8ac5b0305d47282f994411ca",
        "type": "github"
      },
      "original": {
        "owner": "ipetkov",
        "repo": "crane",
        "type": "github"
      }
    },
    "disko": {
      "inputs": {
        "nixpkgs": [
          "nixpkgs"
        ]
      },
      "locked": {
        "lastModified": 1719451710,
        "narHash": "sha256-h+bFEQHQ46pBkEsOXbxmmY6QNPPGrgpDbNlHtAKG49M=",
        "owner": "nix-community",
        "repo": "disko",
        "rev": "8767dbf5d723b1b6834f4d09b217da7c31580d58",
        "type": "github"
      },
      "original": {
        "owner": "nix-community",
        "repo": "disko",
        "type": "github"
      }
    },
    "gitignore": {
      "inputs": {
        "nixpkgs": [
          "nixpkgs"
        ]
      },
      "locked": {
        "lastModified": 1709087332,
        "narHash": "sha256-HG2cCnktfHsKV0s4XW83gU3F57gaTljL9KNSuG6bnQs=",
        "owner": "hercules-ci",
        "repo": "gitignore.nix",
        "rev": "637db329424fd7e46cf4185293b9cc8c88c95394",
        "type": "github"
      },
      "original": {
        "owner": "hercules-ci",
        "repo": "gitignore.nix",
        "type": "github"
      }
    },
    "hm": {
      "inputs": {
        "nixpkgs": [
          "nixpkgs"
        ]
      },
      "locked": {
        "lastModified": 1719438532,
        "narHash": "sha256-/Vmso2ZMoFE3M7d1MRsQ2K5sR8CVKnrM6t1ys9Xjpz4=",
        "owner": "nix-community",
        "repo": "home-manager",
        "rev": "1a4f12ae0bda877ec4099b429cf439aad897d7e9",
        "type": "github"
      },
      "original": {
        "owner": "nix-community",
        "repo": "home-manager",
        "type": "github"
      }
    },
    "impermanence": {
      "locked": {
        "lastModified": 1719091691,
        "narHash": "sha256-AxaLX5cBEcGtE02PeGsfscSb/fWMnyS7zMWBXQWDKbE=",
        "owner": "nix-community",
        "repo": "impermanence",
        "rev": "23c1f06316b67cb5dabdfe2973da3785cfe9c34a",
        "type": "github"
      },
      "original": {
        "owner": "nix-community",
        "repo": "impermanence",
        "type": "github"
      }
    },
    "index": {
      "inputs": {
        "nixpkgs": [
          "nixpkgs"
        ]
      },
      "locked": {
        "lastModified": 1719111455,
        "narHash": "sha256-rnIxHx+fLpydjMQsbpZ21kblUr/lMqSaAtMA4+qMMEE=",
        "owner": "nix-community",
        "repo": "nix-index-database",
        "rev": "4293f532d0107dfb7e6f8b34a0421dc8111320e6",
        "type": "github"
      },
      "original": {
        "owner": "nix-community",
        "repo": "nix-index-database",
        "type": "github"
      }
    },
    "lanzaboote": {
      "inputs": {
        "crane": [
          "crane"
        ],
        "flake-compat": [
          "compat"
        ],
        "flake-parts": [
          "parts"
        ],
        "flake-utils": [
          "utils"
        ],
        "nixpkgs": [
          "nixpkgs"
        ],
        "pre-commit-hooks-nix": [
          "pre-commit-hooks"
        ],
        "rust-overlay": [
          "rust-overlay"
        ]
      },
      "locked": {
        "lastModified": 1718178907,
        "narHash": "sha256-eSZyrQ9uoPB9iPQ8Y5H7gAmAgAvCw3InStmU3oEjqsE=",
        "owner": "nix-community",
        "repo": "lanzaboote",
        "rev": "b627ccd97d0159214cee5c7db1412b75e4be6086",
        "type": "github"
      },
      "original": {
        "owner": "nix-community",
        "ref": "v0.4.1",
        "repo": "lanzaboote",
        "type": "github"
      }
    },
    "nixpkgs": {
      "locked": {
        "lastModified": 1719485585,
        "narHash": "sha256-MlsMyA+QK6nfQJm3noIMCJBdxrU30V/zG6xNxQOzaIw=",
        "owner": "nixos",
        "repo": "nixpkgs",
        "rev": "c08c63df010f35465422a490abdd58b21e0b6498",
        "type": "github"
      },
      "original": {
        "owner": "nixos",
        "ref": "release-24.05",
        "repo": "nixpkgs",
        "type": "github"
      }
    },
    "noshell": {
      "inputs": {
        "nixpkgs": [
          "nixpkgs"
        ]
      },
      "locked": {
        "lastModified": 1717396029,
        "narHash": "sha256-NPIhvnTYkJZqTY+aabbZ6CAaMAgG6IISvh7GZo1MTfQ=",
        "owner": "viperml",
        "repo": "noshell",
        "rev": "4d194d838a50ea106cd0e47c024e47afc154ab42",
        "type": "github"
      },
      "original": {
        "owner": "viperml",
        "repo": "noshell",
        "type": "github"
      }
    },
    "parts": {
      "inputs": {
        "nixpkgs-lib": [
          "nixpkgs"
        ]
      },
      "locked": {
        "lastModified": 1717285511,
        "narHash": "sha256-iKzJcpdXih14qYVcZ9QC9XuZYnPc6T8YImb6dX166kw=",
        "owner": "hercules-ci",
        "repo": "flake-parts",
        "rev": "2a55567fcf15b1b1c7ed712a2c6fadaec7412ea8",
        "type": "github"
      },
      "original": {
        "owner": "hercules-ci",
        "repo": "flake-parts",
        "type": "github"
      }
    },
    "pre-commit-hooks": {
      "inputs": {
        "flake-compat": [
          "compat"
        ],
        "gitignore": [
          "gitignore"
        ],
        "nixpkgs": [
          "nixpkgs"
        ],
        "nixpkgs-stable": [
          "nixpkgs"
        ]
      },
      "locked": {
        "lastModified": 1719259945,
        "narHash": "sha256-F1h+XIsGKT9TkGO3omxDLEb/9jOOsI6NnzsXFsZhry4=",
        "owner": "cachix",
        "repo": "pre-commit-hooks.nix",
        "rev": "0ff4381bbb8f7a52ca4a851660fc7a437a4c6e07",
        "type": "github"
      },
      "original": {
        "owner": "cachix",
        "repo": "pre-commit-hooks.nix",
        "type": "github"
      }
    },
    "root": {
      "inputs": {
        "compat": "compat",
        "crane": "crane",
        "disko": "disko",
        "gitignore": "gitignore",
        "hm": "hm",
        "impermanence": "impermanence",
        "index": "index",
        "lanzaboote": "lanzaboote",
        "nixpkgs": "nixpkgs",
        "noshell": "noshell",
        "parts": "parts",
        "pre-commit-hooks": "pre-commit-hooks",
        "rust-overlay": "rust-overlay",
        "srvos": "srvos",
        "systems": "systems",
        "unstable": "unstable",
        "utils": "utils"
      }
    },
    "rust-overlay": {
      "inputs": {
        "nixpkgs": [
          "nixpkgs"
        ]
      },
      "locked": {
        "lastModified": 1719454714,
        "narHash": "sha256-MojqG0lyUINkEk0b3kM2drsU5vyaF8DFZe/FAlZVOGs=",
        "owner": "oxalica",
        "repo": "rust-overlay",
        "rev": "d1c527659cf076ecc4b96a91c702d080b213801e",
        "type": "github"
      },
      "original": {
        "owner": "oxalica",
        "repo": "rust-overlay",
        "type": "github"
      }
    },
    "srvos": {
      "inputs": {
        "nixpkgs": [
          "nixpkgs"
        ]
      },
      "locked": {
        "lastModified": 1719449101,
        "narHash": "sha256-rRrz763KKi6GnSZF4WF34kpJ9eMXR3AOPOWN/7hO1Zs=",
        "owner": "nix-community",
        "repo": "srvos",
        "rev": "e938f07e5cd9d11576d3860b68c117932c161006",
        "type": "github"
      },
      "original": {
        "owner": "nix-community",
        "repo": "srvos",
        "type": "github"
      }
    },
    "systems": {
      "locked": {
        "lastModified": 1681028828,
        "narHash": "sha256-Vy1rq5AaRuLzOxct8nz4T6wlgyUR7zLU309k9mBC768=",
        "owner": "nix-systems",
        "repo": "default",
        "rev": "da67096a3b9bf56a91d16901293e51ba5b49a27e",
        "type": "github"
      },
      "original": {
        "owner": "nix-systems",
        "repo": "default",
        "type": "github"
      }
    },
    "unstable": {
      "locked": {
        "lastModified": 1719254875,
        "narHash": "sha256-ECni+IkwXjusHsm9Sexdtq8weAq/yUyt1TWIemXt3Ko=",
        "owner": "nixos",
        "repo": "nixpkgs",
        "rev": "2893f56de08021cffd9b6b6dfc70fd9ccd51eb60",
        "type": "github"
      },
      "original": {
        "owner": "nixos",
        "ref": "nixos-unstable",
        "repo": "nixpkgs",
        "type": "github"
      }
    },
    "utils": {
      "inputs": {
        "systems": [
          "systems"
        ]
      },
      "locked": {
        "lastModified": 1710146030,
        "narHash": "sha256-SZ5L6eA7HJ/nmkzGG7/ISclqe6oZdOZTNoesiInkXPQ=",
        "owner": "numtide",
        "repo": "flake-utils",
        "rev": "b1d9ab70662946ef0850d488da1c9019f3a9752a",
        "type": "github"
      },
      "original": {
        "owner": "numtide",
        "repo": "flake-utils",
        "type": "github"
      }
    }
  },
  "root": "root",
  "version": 7
}
